
Microsoft Visual Studio Solution File, Format Version 12.00
# Visual Studio Version 16
VisualStudioVersion = 16.0.30204.135
MinimumVisualStudioVersion = 10.0.40219.1
Project("{FAE04EC0-301F-11D3-BF4B-00C04F79EFBC}") = "AGAT.LocoDispatcher.Parser", "AGAT.LocoDispatcher.Parser\AGAT.LocoDispatcher.Parser.csproj", "{60A9766E-A692-403A-83B3-1BADD9E0014B}"
EndProject
Project("{FAE04EC0-301F-11D3-BF4B-00C04F79EFBC}") = "AGAT.LocoDispatcher.Common", "AGAT.LocoDispatcher.Common\AGAT.LocoDispatcher.Common.csproj", "{54FEBA75-21E8-4F43-8F5F-D260C17350BF}"
EndProject
Project("{FAE04EC0-301F-11D3-BF4B-00C04F79EFBC}") = "AGAT.LocoDispatcher.Constants", "AGAT.LocoDispatcher.Constants\AGAT.LocoDispatcher.Constants.csproj", "{920C7FBE-E96D-4283-BA81-C3D8AC337946}"
EndProject
Project("{FAE04EC0-301F-11D3-BF4B-00C04F79EFBC}") = "AGAT.LocoDispatcher.Data", "AGAT.LocoDispatcher.Data\AGAT.LocoDispatcher.Data.csproj", "{D82777AC-249B-4F6F-9D71-9B20F90AE69A}"
EndProject
Project("{FAE04EC0-301F-11D3-BF4B-00C04F79EFBC}") = "AGAT.LocoDispatcher.WebAPI", "AGAT.LocoDispatcher.WebAPI\AGAT.LocoDispatcher.WebAPI.csproj", "{58D21610-B268-4DBB-B5D8-8E08938DD80D}"
EndProject
Project("{FAE04EC0-301F-11D3-BF4B-00C04F79EFBC}") = "AGAT.LocoDispatcher.RailData", "AGAT.LocoDispatcher.RailData\AGAT.LocoDispatcher.RailData.csproj", "{F76EAC00-1DF4-4B53-99E7-1928471EFE6F}"
EndProject
Project("{FAE04EC0-301F-11D3-BF4B-00C04F79EFBC}") = "AGAT.LocoDispatcher.AsusDb", "AGAT.LocoDispatcher.AsusDb\AGAT.LocoDispatcher.AsusDb.csproj", "{408FB7D4-C533-41ED-B5F8-D4157F2D3024}"
EndProject
Project("{FAE04EC0-301F-11D3-BF4B-00C04F79EFBC}") = "AGAT.LocoDispatcher.Business", "AGAT.LocoDispatcher.Business\AGAT.LocoDispatcher.Business.csproj", "{1D1ACBE1-22EC-492C-922E-EE39B0241ECF}"
EndProject
Project("{FAE04EC0-301F-11D3-BF4B-00C04F79EFBC}") = "AGAT.LocoDispather.AsusDb.UnitTests", "AGAT.LocoDispather.AsusDb.UnitTests\AGAT.LocoDispather.AsusDb.UnitTests.csproj", "{A082B620-5561-4CC0-AB61-8C4A449D6466}"
EndProject
Project("{FAE04EC0-301F-11D3-BF4B-00C04F79EFBC}") = "AGAT.LocoDispatcher.NSI_DB", "AGAT.LocoDispatcher.NSI_DB\AGAT.LocoDispatcher.NSI_DB.csproj", "{70ABDDDB-726F-49F7-A647-BFC792D4C2A0}"
EndProject
Project("{FAE04EC0-301F-11D3-BF4B-00C04F79EFBC}") = "AGAT.locoDispatcher.ArchiveDB", "AGAT.locoDispatcher.ArchiveDB\AGAT.locoDispatcher.ArchiveDB.csproj", "{74F7D7A9-ADAA-4DDA-8BF4-F16C5728EEF8}"
EndProject
Project("{FAE04EC0-301F-11D3-BF4B-00C04F79EFBC}") = "AGAT.LocoDispatcher.Data.UnitTests", "AGAT.LocoDispatcher.Data.UnitTests\AGAT.LocoDispatcher.Data.UnitTests.csproj", "{50AD6C19-5071-4311-9E54-B747301FCD0C}"
EndProject
Project("{FAE04EC0-301F-11D3-BF4B-00C04F79EFBC}") = "AGAT.LocoDispatcher.Parser.UnitTests", "AGAT.LocoDispatcher.Parser.UnitTests\AGAT.LocoDispatcher.Parser.UnitTests.csproj", "{4E8606B8-4B53-4CD9-BC2D-81B785F96176}"
EndProject
Project("{FAE04EC0-301F-11D3-BF4B-00C04F79EFBC}") = "AGAT.LocoDispatcher.Business.UnitTests", "AGAT.LocoDispatcher.Business.UnitTests\AGAT.LocoDispatcher.Business.UnitTests.csproj", "{EFBB199C-92C5-462B-88E7-6210887F5621}"
EndProject
Project("{FAE04EC0-301F-11D3-BF4B-00C04F79EFBC}") = "AGAT.LocoDispatcher.AuthDB", "AGAT.LocoDispatcher.AuthDB\AGAT.LocoDispatcher.AuthDB.csproj", "{F5EC2DCF-4262-4C89-9C9E-08575FB224B2}"
EndProject
Project("{FAE04EC0-301F-11D3-BF4B-00C04F79EFBC}") = "AGAT.LocoDispatcher.AuthDB.UnitTests", "AGAT.LocoDispatcher.AuthDB.UnitTests\AGAT.LocoDispatcher.AuthDB.UnitTests.csproj", "{D1F3508B-ECCF-4111-A473-1FC2F3B88BE7}"
EndProject
Project("{FAE04EC0-301F-11D3-BF4B-00C04F79EFBC}") = "AGAT.LocoDispatcher.WebAPI.IntegrationalTests", "AGAT.LocoDispatcher.WebAPI.IntegrationalTests\AGAT.LocoDispatcher.WebAPI.IntegrationalTests.csproj", "{471879B2-1AAD-4DC9-8B55-4B91ED34CA93}"
EndProject
Project("{FAE04EC0-301F-11D3-BF4B-00C04F79EFBC}") = "AGAT.LocoDispatcher.RailData.UnitTests", "AGAT.LocoDispatcher.RailData.UnitTests\AGAT.LocoDispatcher.RailData.UnitTests.csproj", "{658E7F44-0801-4315-9797-16A9B2B2EFEE}"
EndProject
Global
	GlobalSection(SolutionConfigurationPlatforms) = preSolution
		Debug|Any CPU = Debug|Any CPU
		Release|Any CPU = Release|Any CPU
	EndGlobalSection
	GlobalSection(ProjectConfigurationPlatforms) = postSolution
		{60A9766E-A692-403A-83B3-1BADD9E0014B}.Debug|Any CPU.ActiveCfg = Debug|Any CPU
		{60A9766E-A692-403A-83B3-1BADD9E0014B}.Debug|Any CPU.Build.0 = Debug|Any CPU
		{60A9766E-A692-403A-83B3-1BADD9E0014B}.Release|Any CPU.ActiveCfg = Release|Any CPU
		{60A9766E-A692-403A-83B3-1BADD9E0014B}.Release|Any CPU.Build.0 = Release|Any CPU
		{54FEBA75-21E8-4F43-8F5F-D260C17350BF}.Debug|Any CPU.ActiveCfg = Debug|Any CPU
		{54FEBA75-21E8-4F43-8F5F-D260C17350BF}.Debug|Any CPU.Build.0 = Debug|Any CPU
		{54FEBA75-21E8-4F43-8F5F-D260C17350BF}.Release|Any CPU.ActiveCfg = Release|Any CPU
		{54FEBA75-21E8-4F43-8F5F-D260C17350BF}.Release|Any CPU.Build.0 = Release|Any CPU
		{920C7FBE-E96D-4283-BA81-C3D8AC337946}.Debug|Any CPU.ActiveCfg = Debug|Any CPU
		{920C7FBE-E96D-4283-BA81-C3D8AC337946}.Debug|Any CPU.Build.0 = Debug|Any CPU
		{920C7FBE-E96D-4283-BA81-C3D8AC337946}.Release|Any CPU.ActiveCfg = Release|Any CPU
		{920C7FBE-E96D-4283-BA81-C3D8AC337946}.Release|Any CPU.Build.0 = Release|Any CPU
		{D82777AC-249B-4F6F-9D71-9B20F90AE69A}.Debug|Any CPU.ActiveCfg = Debug|Any CPU
		{D82777AC-249B-4F6F-9D71-9B20F90AE69A}.Debug|Any CPU.Build.0 = Debug|Any CPU
		{D82777AC-249B-4F6F-9D71-9B20F90AE69A}.Release|Any CPU.ActiveCfg = Release|Any CPU
		{D82777AC-249B-4F6F-9D71-9B20F90AE69A}.Release|Any CPU.Build.0 = Release|Any CPU
		{58D21610-B268-4DBB-B5D8-8E08938DD80D}.Debug|Any CPU.ActiveCfg = Debug|Any CPU
		{58D21610-B268-4DBB-B5D8-8E08938DD80D}.Debug|Any CPU.Build.0 = Debug|Any CPU
		{58D21610-B268-4DBB-B5D8-8E08938DD80D}.Release|Any CPU.ActiveCfg = Release|Any CPU
		{58D21610-B268-4DBB-B5D8-8E08938DD80D}.Release|Any CPU.Build.0 = Release|Any CPU
		{F76EAC00-1DF4-4B53-99E7-1928471EFE6F}.Debug|Any CPU.ActiveCfg = Debug|Any CPU
		{F76EAC00-1DF4-4B53-99E7-1928471EFE6F}.Debug|Any CPU.Build.0 = Debug|Any CPU
		{F76EAC00-1DF4-4B53-99E7-1928471EFE6F}.Release|Any CPU.ActiveCfg = Release|Any CPU
		{F76EAC00-1DF4-4B53-99E7-1928471EFE6F}.Release|Any CPU.Build.0 = Release|Any CPU
		{408FB7D4-C533-41ED-B5F8-D4157F2D3024}.Debug|Any CPU.ActiveCfg = Debug|Any CPU
		{408FB7D4-C533-41ED-B5F8-D4157F2D3024}.Debug|Any CPU.Build.0 = Debug|Any CPU
		{408FB7D4-C533-41ED-B5F8-D4157F2D3024}.Release|Any CPU.ActiveCfg = Release|Any CPU
		{408FB7D4-C533-41ED-B5F8-D4157F2D3024}.Release|Any CPU.Build.0 = Release|Any CPU
		{1D1ACBE1-22EC-492C-922E-EE39B0241ECF}.Debug|Any CPU.ActiveCfg = Debug|Any CPU
		{1D1ACBE1-22EC-492C-922E-EE39B0241ECF}.Debug|Any CPU.Build.0 = Debug|Any CPU
		{1D1ACBE1-22EC-492C-922E-EE39B0241ECF}.Release|Any CPU.ActiveCfg = Release|Any CPU
		{1D1ACBE1-22EC-492C-922E-EE39B0241ECF}.Release|Any CPU.Build.0 = Release|Any CPU
		{A082B620-5561-4CC0-AB61-8C4A449D6466}.Debug|Any CPU.ActiveCfg = Debug|Any CPU
		{A082B620-5561-4CC0-AB61-8C4A449D6466}.Debug|Any CPU.Build.0 = Debug|Any CPU
		{A082B620-5561-4CC0-AB61-8C4A449D6466}.Release|Any CPU.ActiveCfg = Release|Any CPU
		{A082B620-5561-4CC0-AB61-8C4A449D6466}.Release|Any CPU.Build.0 = Release|Any CPU
		{70ABDDDB-726F-49F7-A647-BFC792D4C2A0}.Debug|Any CPU.ActiveCfg = Debug|Any CPU
		{70ABDDDB-726F-49F7-A647-BFC792D4C2A0}.Debug|Any CPU.Build.0 = Debug|Any CPU
		{70ABDDDB-726F-49F7-A647-BFC792D4C2A0}.Release|Any CPU.ActiveCfg = Release|Any CPU
		{70ABDDDB-726F-49F7-A647-BFC792D4C2A0}.Release|Any CPU.Build.0 = Release|Any CPU
		{74F7D7A9-ADAA-4DDA-8BF4-F16C5728EEF8}.Debug|Any CPU.ActiveCfg = Debug|Any CPU
		{74F7D7A9-ADAA-4DDA-8BF4-F16C5728EEF8}.Debug|Any CPU.Build.0 = Debug|Any CPU
		{74F7D7A9-ADAA-4DDA-8BF4-F16C5728EEF8}.Release|Any CPU.ActiveCfg = Release|Any CPU
		{74F7D7A9-ADAA-4DDA-8BF4-F16C5728EEF8}.Release|Any CPU.Build.0 = Release|Any CPU
		{50AD6C19-5071-4311-9E54-B747301FCD0C}.Debug|Any CPU.ActiveCfg = Debug|Any CPU
		{50AD6C19-5071-4311-9E54-B747301FCD0C}.Debug|Any CPU.Build.0 = Debug|Any CPU
		{50AD6C19-5071-4311-9E54-B747301FCD0C}.Release|Any CPU.ActiveCfg = Release|Any CPU
		{50AD6C19-5071-4311-9E54-B747301FCD0C}.Release|Any CPU.Build.0 = Release|Any CPU
		{4E8606B8-4B53-4CD9-BC2D-81B785F96176}.Debug|Any CPU.ActiveCfg = Debug|Any CPU
		{4E8606B8-4B53-4CD9-BC2D-81B785F96176}.Debug|Any CPU.Build.0 = Debug|Any CPU
		{4E8606B8-4B53-4CD9-BC2D-81B785F96176}.Release|Any CPU.ActiveCfg = Release|Any CPU
		{4E8606B8-4B53-4CD9-BC2D-81B785F96176}.Release|Any CPU.Build.0 = Release|Any CPU
		{EFBB199C-92C5-462B-88E7-6210887F5621}.Debug|Any CPU.ActiveCfg = Debug|Any CPU
		{EFBB199C-92C5-462B-88E7-6210887F5621}.Debug|Any CPU.Build.0 = Debug|Any CPU
		{EFBB199C-92C5-462B-88E7-6210887F5621}.Release|Any CPU.ActiveCfg = Release|Any CPU
		{EFBB199C-92C5-462B-88E7-6210887F5621}.Release|Any CPU.Build.0 = Release|Any CPU
		{F5EC2DCF-4262-4C89-9C9E-08575FB224B2}.Debug|Any CPU.ActiveCfg = Debug|Any CPU
		{F5EC2DCF-4262-4C89-9C9E-08575FB224B2}.Debug|Any CPU.Build.0 = Debug|Any CPU
		{F5EC2DCF-4262-4C89-9C9E-08575FB224B2}.Release|Any CPU.ActiveCfg = Release|Any CPU
		{F5EC2DCF-4262-4C89-9C9E-08575FB224B2}.Release|Any CPU.Build.0 = Release|Any CPU
		{D1F3508B-ECCF-4111-A473-1FC2F3B88BE7}.Debug|Any CPU.ActiveCfg = Debug|Any CPU
		{D1F3508B-ECCF-4111-A473-1FC2F3B88BE7}.Debug|Any CPU.Build.0 = Debug|Any CPU
		{D1F3508B-ECCF-4111-A473-1FC2F3B88BE7}.Release|Any CPU.ActiveCfg = Release|Any CPU
		{D1F3508B-ECCF-4111-A473-1FC2F3B88BE7}.Release|Any CPU.Build.0 = Release|Any CPU
		{471879B2-1AAD-4DC9-8B55-4B91ED34CA93}.Debug|Any CPU.ActiveCfg = Debug|Any CPU
		{471879B2-1AAD-4DC9-8B55-4B91ED34CA93}.Debug|Any CPU.Build.0 = Debug|Any CPU
		{471879B2-1AAD-4DC9-8B55-4B91ED34CA93}.Release|Any CPU.ActiveCfg = Release|Any CPU
		{471879B2-1AAD-4DC9-8B55-4B91ED34CA93}.Release|Any CPU.Build.0 = Release|Any CPU
		{658E7F44-0801-4315-9797-16A9B2B2EFEE}.Debug|Any CPU.ActiveCfg = Debug|Any CPU
		{658E7F44-0801-4315-9797-16A9B2B2EFEE}.Debug|Any CPU.Build.0 = Debug|Any CPU
		{658E7F44-0801-4315-9797-16A9B2B2EFEE}.Release|Any CPU.ActiveCfg = Release|Any CPU
		{658E7F44-0801-4315-9797-16A9B2B2EFEE}.Release|Any CPU.Build.0 = Release|Any CPU
	EndGlobalSection
	GlobalSection(SolutionProperties) = preSolution
		HideSolutionNode = FALSE
	EndGlobalSection
	GlobalSection(ExtensibilityGlobals) = postSolution
		SolutionGuid = {8E76CE85-B39A-45DE-94A4-CE24551C23F5}
	EndGlobalSection
EndGlobal
